{
  "name": "@ikamman/gemini-image-mcp",
  "version": "1.0.2",
  "lockfileVersion": 3,
  "requires": true,
  "packages": {
    "": {
      "name": "@ikamman/gemini-image-mcp",
      "version": "1.0.2",
      "cpu": [
        "x64",
        "arm64"
      ],
      "hasInstallScript": true,
      "license": "MIT",
      "os": [
        "darwin",
        "linux",
        "win32"
      ],
      "dependencies": {
        "@ikamman/gemini-image-mcp": "^1.0.3"
      },
      "bin": {
        "gemini-image-mcp": "bin/gemini-image-mcp.js"
      },
      "engines": {
        "node": ">=14.0.0"
      }
    },
    "node_modules/@ikamman/gemini-image-mcp": {
      "version": "1.0.3",
      "resolved": "https://registry.npmjs.org/@ikamman/gemini-image-mcp/-/gemini-image-mcp-1.0.3.tgz",
      "integrity": "sha512-mKZSdHNUc9qzpkpCqmd1NqaUizoqN6ZMAb/A8uts2Q+nv44Y4uNvA2fPIvgxFv+rCipB81LKaSWb5Z+y2cF9lA==",
      "cpu": [
        "x64",
        "arm64"
      ],
      "hasInstallScript": true,
      "license": "MIT",
      "os": [
        "darwin",
        "linux",
        "win32"
      ],
      "bin": {
        "gemini-image-mcp": "bin/gemini-image-mcp.js"
      },
      "engines": {
        "node": ">=14.0.0"
      }
    }
  }
}
